// !$*UTF8*$!
{
	archiveVersion = 1;
	classes = {
	};
	objectVersion = 46;
	objects = {

/* Begin PBXBuildFile section */
		D7ECE06C1B58FED100D2203E /* AppDelegate.swift in Sources */ = {isa = PBXBuildFile; fileRef = D7ECE06B1B58FED100D2203E /* AppDelegate.swift */; };
		D7ECE06E1B58FED100D2203E /* ViewController.swift in Sources */ = {isa = PBXBuildFile; fileRef = D7ECE06D1B58FED100D2203E /* ViewController.swift */; };
		D7ECE0711B58FED100D2203E /* Main.storyboard in Resources */ = {isa = PBXBuildFile; fileRef = D7ECE06F1B58FED100D2203E /* Main.storyboard */; };
		D7ECE0731B58FED100D2203E /* Assets.xcassets in Resources */ = {isa = PBXBuildFile; fileRef = D7ECE0721B58FED100D2203E /* Assets.xcassets */; };
		D7ECE0761B58FED100D2203E /* LaunchScreen.storyboard in Resources */ = {isa = PBXBuildFile; fileRef = D7ECE0741B58FED100D2203E /* LaunchScreen.storyboard */; };
		D7ECE0811B58FED100D2203E /* SpotifySwiftHackTests.swift in Sources */ = {isa = PBXBuildFile; fileRef = D7ECE0801B58FED100D2203E /* SpotifySwiftHackTests.swift */; };
		D7ECE08C1B58FED100D2203E /* SpotifySwiftHackUITests.swift in Sources */ = {isa = PBXBuildFile; fileRef = D7ECE08B1B58FED100D2203E /* SpotifySwiftHackUITests.swift */; };
		D7ECE09A1B58FF8200D2203E /* AVFoundation.framework in Frameworks */ = {isa = PBXBuildFile; fileRef = D7ECE0991B58FF8200D2203E /* AVFoundation.framework */; };
		D7ECE09D1B58FFD100D2203E /* Spotify.framework in Frameworks */ = {isa = PBXBuildFile; fileRef = D7ECE09C1B58FFD100D2203E /* Spotify.framework */; };
		D7ECE0A21B59049E00D2203E /* Config.swift in Sources */ = {isa = PBXBuildFile; fileRef = D7ECE0A11B59049E00D2203E /* Config.swift */; };
/* End PBXBuildFile section */

/* Begin PBXContainerItemProxy section */
		D7ECE07D1B58FED100D2203E /* PBXContainerItemProxy */ = {
			isa = PBXContainerItemProxy;
			containerPortal = D7ECE0601B58FED100D2203E /* Project object */;
			proxyType = 1;
			remoteGlobalIDString = D7ECE0671B58FED100D2203E;
			remoteInfo = SpotifySwiftHack;
		};
		D7ECE0881B58FED100D2203E /* PBXContainerItemProxy */ = {
			isa = PBXContainerItemProxy;
			containerPortal = D7ECE0601B58FED100D2203E /* Project object */;
			proxyType = 1;
			remoteGlobalIDString = D7ECE0671B58FED100D2203E;
			remoteInfo = SpotifySwiftHack;
		};
/* End PBXContainerItemProxy section */

/* Begin PBXFileReference section */
		D7ECE0681B58FED100D2203E /* SpotifySwiftHack.app */ = {isa = PBXFileReference; explicitFileType = wrapper.application; includeInIndex = 0; path = SpotifySwiftHack.app; sourceTree = BUILT_PRODUCTS_DIR; };
		D7ECE06B1B58FED100D2203E /* AppDelegate.swift */ = {isa = PBXFileReference; lastKnownFileType = sourcecode.swift; path = AppDelegate.swift; sourceTree = "<group>"; };
		D7ECE06D1B58FED100D2203E /* ViewController.swift */ = {isa = PBXFileReference; lastKnownFileType = sourcecode.swift; path = ViewController.swift; sourceTree = "<group>"; };
		D7ECE0701B58FED100D2203E /* Base */ = {isa = PBXFileReference; lastKnownFileType = file.storyboard; name = Base; path = Base.lproj/Main.storyboard; sourceTree = "<group>"; };
		D7ECE0721B58FED100D2203E /* Assets.xcassets */ = {isa = PBXFileReference; lastKnownFileType = folder.assetcatalog; path = Assets.xcassets; sourceTree = "<group>"; };
		D7ECE0751B58FED100D2203E /* Base */ = {isa = PBXFileReference; lastKnownFileType = file.storyboard; name = Base; path = Base.lproj/LaunchScreen.storyboard; sourceTree = "<group>"; };
		D7ECE0771B58FED100D2203E /* Info.plist */ = {isa = PBXFileReference; lastKnownFileType = text.plist.xml; path = Info.plist; sourceTree = "<group>"; };
		D7ECE07C1B58FED100D2203E /* SpotifySwiftHackTests.xctest */ = {isa = PBXFileReference; explicitFileType = wrapper.cfbundle; includeInIndex = 0; path = SpotifySwiftHackTests.xctest; sourceTree = BUILT_PRODUCTS_DIR; };
		D7ECE0801B58FED100D2203E /* SpotifySwiftHackTests.swift */ = {isa = PBXFileReference; lastKnownFileType = sourcecode.swift; path = SpotifySwiftHackTests.swift; sourceTree = "<group>"; };
		D7ECE0821B58FED100D2203E /* Info.plist */ = {isa = PBXFileReference; lastKnownFileType = text.plist.xml; path = Info.plist; sourceTree = "<group>"; };
		D7ECE0871B58FED100D2203E /* SpotifySwiftHackUITests.xctest */ = {isa = PBXFileReference; explicitFileType = wrapper.cfbundle; includeInIndex = 0; path = SpotifySwiftHackUITests.xctest; sourceTree = BUILT_PRODUCTS_DIR; };
		D7ECE08B1B58FED100D2203E /* SpotifySwiftHackUITests.swift */ = {isa = PBXFileReference; lastKnownFileType = sourcecode.swift; path = SpotifySwiftHackUITests.swift; sourceTree = "<group>"; };
		D7ECE08D1B58FED100D2203E /* Info.plist */ = {isa = PBXFileReference; lastKnownFileType = text.plist.xml; path = Info.plist; sourceTree = "<group>"; };
		D7ECE0991B58FF8200D2203E /* AVFoundation.framework */ = {isa = PBXFileReference; lastKnownFileType = wrapper.framework; name = AVFoundation.framework; path = System/Library/Frameworks/AVFoundation.framework; sourceTree = SDKROOT; };
		D7ECE09C1B58FFD100D2203E /* Spotify.framework */ = {isa = PBXFileReference; lastKnownFileType = wrapper.framework; path = Spotify.framework; sourceTree = "<group>"; };
		D7ECE09E1B59000800D2203E /* SpotifySwiftHack-Bridging-Header.h */ = {isa = PBXFileReference; lastKnownFileType = sourcecode.c.h; path = "SpotifySwiftHack-Bridging-Header.h"; sourceTree = "<group>"; };
		D7ECE0A11B59049E00D2203E /* Config.swift */ = {isa = PBXFileReference; fileEncoding = 4; lastKnownFileType = sourcecode.swift; path = Config.swift; sourceTree = "<group>"; };
/* End PBXFileReference section */

/* Begin PBXFrameworksBuildPhase section */
		D7ECE0651B58FED100D2203E /* Frameworks */ = {
			isa = PBXFrameworksBuildPhase;
			buildActionMask = 2147483647;
			files = (
				D7ECE09A1B58FF8200D2203E /* AVFoundation.framework in Frameworks */,
				D7ECE09D1B58FFD100D2203E /* Spotify.framework in Frameworks */,
			);
			runOnlyForDeploymentPostprocessing = 0;
		};
		D7ECE0791B58FED100D2203E /* Frameworks */ = {
			isa = PBXFrameworksBuildPhase;
			buildActionMask = 2147483647;
			files = (
			);
			runOnlyForDeploymentPostprocessing = 0;
		};
		D7ECE0841B58FED100D2203E /* Frameworks */ = {
			isa = PBXFrameworksBuildPhase;
			buildActionMask = 2147483647;
			files = (
			);
			runOnlyForDeploymentPostprocessing = 0;
		};
/* End PBXFrameworksBuildPhase section */

/* Begin PBXGroup section */
		D7ECE05F1B58FED100D2203E = {
			isa = PBXGroup;
			children = (
				D7ECE06A1B58FED100D2203E /* SpotifySwiftHack */,
				D7ECE09B1B58FFAB00D2203E /* Frameworks */,
				D7ECE07F1B58FED100D2203E /* SpotifySwiftHackTests */,
				D7ECE08A1B58FED100D2203E /* SpotifySwiftHackUITests */,
				D7ECE0691B58FED100D2203E /* Products */,
			);
			sourceTree = "<group>";
		};
		D7ECE0691B58FED100D2203E /* Products */ = {
			isa = PBXGroup;
			children = (
				D7ECE0681B58FED100D2203E /* SpotifySwiftHack.app */,
				D7ECE07C1B58FED100D2203E /* SpotifySwiftHackTests.xctest */,
				D7ECE0871B58FED100D2203E /* SpotifySwiftHackUITests.xctest */,
			);
			name = Products;
			sourceTree = "<group>";
		};
		D7ECE06A1B58FED100D2203E /* SpotifySwiftHack */ = {
			isa = PBXGroup;
			children = (
				D7ECE0A11B59049E00D2203E /* Config.swift */,
				D7ECE06B1B58FED100D2203E /* AppDelegate.swift */,
				D7ECE06D1B58FED100D2203E /* ViewController.swift */,
				D7ECE06F1B58FED100D2203E /* Main.storyboard */,
				D7ECE0721B58FED100D2203E /* Assets.xcassets */,
				D7ECE0741B58FED100D2203E /* LaunchScreen.storyboard */,
				D7ECE0771B58FED100D2203E /* Info.plist */,
				D7ECE09E1B59000800D2203E /* SpotifySwiftHack-Bridging-Header.h */,
			);
			path = SpotifySwiftHack;
			sourceTree = "<group>";
		};
		D7ECE07F1B58FED100D2203E /* SpotifySwiftHackTests */ = {
			isa = PBXGroup;
			children = (
				D7ECE0801B58FED100D2203E /* SpotifySwiftHackTests.swift */,
				D7ECE0821B58FED100D2203E /* Info.plist */,
			);
			path = SpotifySwiftHackTests;
			sourceTree = "<group>";
		};
		D7ECE08A1B58FED100D2203E /* SpotifySwiftHackUITests */ = {
			isa = PBXGroup;
			children = (
				D7ECE08B1B58FED100D2203E /* SpotifySwiftHackUITests.swift */,
				D7ECE08D1B58FED100D2203E /* Info.plist */,
			);
			path = SpotifySwiftHackUITests;
			sourceTree = "<group>";
		};
		D7ECE09B1B58FFAB00D2203E /* Frameworks */ = {
			isa = PBXGroup;
			children = (
				D7ECE09C1B58FFD100D2203E /* Spotify.framework */,
				D7ECE0991B58FF8200D2203E /* AVFoundation.framework */,
			);
			name = Frameworks;
			sourceTree = "<group>";
		};
/* End PBXGroup section */

/* Begin PBXNativeTarget section */
		D7ECE0671B58FED100D2203E /* SpotifySwiftHack */ = {
			isa = PBXNativeTarget;
			buildConfigurationList = D7ECE0901B58FED100D2203E /* Build configuration list for PBXNativeTarget "SpotifySwiftHack" */;
			buildPhases = (
				D7ECE0641B58FED100D2203E /* Sources */,
				D7ECE0651B58FED100D2203E /* Frameworks */,
				D7ECE0661B58FED100D2203E /* Resources */,
			);
			buildRules = (
			);
			dependencies = (
			);
			name = SpotifySwiftHack;
			productName = SpotifySwiftHack;
			productReference = D7ECE0681B58FED100D2203E /* SpotifySwiftHack.app */;
			productType = "com.apple.product-type.application";
		};
		D7ECE07B1B58FED100D2203E /* SpotifySwiftHackTests */ = {
			isa = PBXNativeTarget;
			buildConfigurationList = D7ECE0931B58FED100D2203E /* Build configuration list for PBXNativeTarget "SpotifySwiftHackTests" */;
			buildPhases = (
				D7ECE0781B58FED100D2203E /* Sources */,
				D7ECE0791B58FED100D2203E /* Frameworks */,
				D7ECE07A1B58FED100D2203E /* Resources */,
			);
			buildRules = (
			);
			dependencies = (
				D7ECE07E1B58FED100D2203E /* PBXTargetDependency */,
			);
			name = SpotifySwiftHackTests;
			productName = SpotifySwiftHackTests;
			productReference = D7ECE07C1B58FED100D2203E /* SpotifySwiftHackTests.xctest */;
			productType = "com.apple.product-type.bundle.unit-test";
		};
		D7ECE0861B58FED100D2203E /* SpotifySwiftHackUITests */ = {
			isa = PBXNativeTarget;
			buildConfigurationList = D7ECE0961B58FED100D2203E /* Build configuration list for PBXNativeTarget "SpotifySwiftHackUITests" */;
			buildPhases = (
				D7ECE0831B58FED100D2203E /* Sources */,
				D7ECE0841B58FED100D2203E /* Frameworks */,
				D7ECE0851B58FED100D2203E /* Resources */,
			);
			buildRules = (
			);
			dependencies = (
				D7ECE0891B58FED100D2203E /* PBXTargetDependency */,
			);
			name = SpotifySwiftHackUITests;
			productName = SpotifySwiftHackUITests;
			productReference = D7ECE0871B58FED100D2203E /* SpotifySwiftHackUITests.xctest */;
			productType = "com.apple.product-type.bundle.ui-testing";
		};
/* End PBXNativeTarget section */

/* Begin PBXProject section */
		D7ECE0601B58FED100D2203E /* Project object */ = {
			isa = PBXProject;
			attributes = {
				LastSwiftUpdateCheck = 0700;
				LastUpgradeCheck = 0700;
				ORGANIZATIONNAME = "Jonas Berglund";
				TargetAttributes = {
					D7ECE0671B58FED100D2203E = {
						CreatedOnToolsVersion = 7.0;
					};
					D7ECE07B1B58FED100D2203E = {
						CreatedOnToolsVersion = 7.0;
						TestTargetID = D7ECE0671B58FED100D2203E;
					};
					D7ECE0861B58FED100D2203E = {
						CreatedOnToolsVersion = 7.0;
						TestTargetID = D7ECE0671B58FED100D2203E;
					};
				};
			};
			buildConfigurationList = D7ECE0631B58FED100D2203E /* Build configuration list for PBXProject "SpotifySwiftHack" */;
			compatibilityVersion = "Xcode 3.2";
			developmentRegion = English;
			hasScannedForEncodings = 0;
			knownRegions = (
				en,
				Base,
			);
			mainGroup = D7ECE05F1B58FED100D2203E;
			productRefGroup = D7ECE0691B58FED100D2203E /* Products */;
			projectDirPath = "";
			projectRoot = "";
			targets = (
				D7ECE0671B58FED100D2203E /* SpotifySwiftHack */,
				D7ECE07B1B58FED100D2203E /* SpotifySwiftHackTests */,
				D7ECE0861B58FED100D2203E /* SpotifySwiftHackUITests */,
			);
		};
/* End PBXProject section */

/* Begin PBXResourcesBuildPhase section */
		D7ECE0661B58FED100D2203E /* Resources */ = {
			isa = PBXResourcesBuildPhase;
			buildActionMask = 2147483647;
			files = (
				D7ECE0761B58FED100D2203E /* LaunchScreen.storyboard in Resources */,
				D7ECE0731B58FED100D2203E /* Assets.xcassets in Resources */,
				D7ECE0711B58FED100D2203E /* Main.storyboard in Resources */,
			);
			runOnlyForDeploymentPostprocessing = 0;
		};
		D7ECE07A1B58FED100D2203E /* Resources */ = {
			isa = PBXResourcesBuildPhase;
			buildActionMask = 2147483647;
			files = (
			);
			runOnlyForDeploymentPostprocessing = 0;
		};
		D7ECE0851B58FED100D2203E /* Resources */ = {
			isa = PBXResourcesBuildPhase;
			buildActionMask = 2147483647;
			files = (
			);
			runOnlyForDeploymentPostprocessing = 0;
		};
/* End PBXResourcesBuildPhase section */

/* Begin PBXSourcesBuildPhase section */
		D7ECE0641B58FED100D2203E /* Sources */ = {
			isa = PBXSourcesBuildPhase;
			buildActionMask = 2147483647;
			files = (
				D7ECE06E1B58FED100D2203E /* ViewController.swift in Sources */,
				D7ECE06C1B58FED100D2203E /* AppDelegate.swift in Sources */,
				D7ECE0A21B59049E00D2203E /* Config.swift in Sources */,
			);
			runOnlyForDeploymentPostprocessing = 0;
		};
		D7ECE0781B58FED100D2203E /* Sources */ = {
			isa = PBXSourcesBuildPhase;
			buildActionMask = 2147483647;
			files = (
				D7ECE0811B58FED100D2203E /* SpotifySwiftHackTests.swift in Sources */,
			);
			runOnlyForDeploymentPostprocessing = 0;
		};
		D7ECE0831B58FED100D2203E /* Sources */ = {
			isa = PBXSourcesBuildPhase;
			buildActionMask = 2147483647;
			files = (
				D7ECE08C1B58FED100D2203E /* SpotifySwiftHackUITests.swift in Sources */,
			);
			runOnlyForDeploymentPostprocessing = 0;
		};
/* End PBXSourcesBuildPhase section */

/* Begin PBXTargetDependency section */
		D7ECE07E1B58FED100D2203E /* PBXTargetDependency */ = {
			isa = PBXTargetDependency;
			target = D7ECE0671B58FED100D2203E /* SpotifySwiftHack */;
			targetProxy = D7ECE07D1B58FED100D2203E /* PBXContainerItemProxy */;
		};
		D7ECE0891B58FED100D2203E /* PBXTargetDependency */ = {
			isa = PBXTargetDependency;
			target = D7ECE0671B58FED100D2203E /* SpotifySwiftHack */;
			targetProxy = D7ECE0881B58FED100D2203E /* PBXContainerItemProxy */;
		};
/* End PBXTargetDependency section */

/* Begin PBXVariantGroup section */
		D7ECE06F1B58FED100D2203E /* Main.storyboard */ = {
			isa = PBXVariantGroup;
			children = (
				D7ECE0701B58FED100D2203E /* Base */,
			);
			name = Main.storyboard;
			sourceTree = "<group>";
		};
		D7ECE0741B58FED100D2203E /* LaunchScreen.storyboard */ = {
			isa = PBXVariantGroup;
			children = (
				D7ECE0751B58FED100D2203E /* Base */,
			);
			name = LaunchScreen.storyboard;
			sourceTree = "<group>";
		};
/* End PBXVariantGroup section */

/* Begin XCBuildConfiguration section */
		D7ECE08E1B58FED100D2203E /* Debug */ = {
			isa = XCBuildConfiguration;
			buildSettings = {
				ALWAYS_SEARCH_USER_PATHS = NO;
				CLANG_CXX_LANGUAGE_STANDARD = "gnu++0x";
				CLANG_CXX_LIBRARY = "libc++";
				CLANG_ENABLE_MODULES = YES;
				CLANG_ENABLE_OBJC_ARC = YES;
				CLANG_WARN_BOOL_CONVERSION = YES;
				CLANG_WARN_CONSTANT_CONVERSION = YES;
				CLANG_WARN_DIRECT_OBJC_ISA_USAGE = YES_ERROR;
				CLANG_WARN_EMPTY_BODY = YES;
				CLANG_WARN_ENUM_CONVERSION = YES;
				CLANG_WARN_INT_CONVERSION = YES;
				CLANG_WARN_OBJC_ROOT_CLASS = YES_ERROR;
				CLANG_WARN_UNREACHABLE_CODE = YES;
				CLANG_WARN__DUPLICATE_METHOD_MATCH = YES;
				"CODE_SIGN_IDENTITY[sdk=iphoneos*]" = "iPhone Developer";
				COPY_PHASE_STRIP = NO;
				DEBUG_INFORMATION_FORMAT = dwarf;
				ENABLE_STRICT_OBJC_MSGSEND = YES;
				ENABLE_TESTABILITY = YES;
				GCC_C_LANGUAGE_STANDARD = gnu99;
				GCC_DYNAMIC_NO_PIC = NO;
				GCC_NO_COMMON_BLOCKS = YES;
				GCC_OPTIMIZATION_LEVEL = 0;
				GCC_PREPROCESSOR_DEFINITIONS = (
					"DEBUG=1",
					"$(inherited)",
				);
				GCC_WARN_64_TO_32_BIT_CONVERSION = YES;
				GCC_WARN_ABOUT_RETURN_TYPE = YES_ERROR;
				GCC_WARN_UNDECLARED_SELECTOR = YES;
				GCC_WARN_UNINITIALIZED_AUTOS = YES_AGGRESSIVE;
				GCC_WARN_UNUSED_FUNCTION = YES;
				GCC_WARN_UNUSED_VARIABLE = YES;
				IPHONEOS_DEPLOYMENT_TARGET = 9.0;
				MTL_ENABLE_DEBUG_INFO = YES;
				ONLY_ACTIVE_ARCH = YES;
				SDKROOT = iphoneos;
				SWIFT_OPTIMIZATION_LEVEL = "-Onone";
			};
			name = Debug;
		};
		D7ECE08F1B58FED100D2203E /* Release */ = {
			isa = XCBuildConfiguration;
			buildSettings = {
				ALWAYS_SEARCH_USER_PATHS = NO;
				CLANG_CXX_LANGUAGE_STANDARD = "gnu++0x";
				CLANG_CXX_LIBRARY = "libc++";
				CLANG_ENABLE_MODULES = YES;
				CLANG_ENABLE_OBJC_ARC = YES;
				CLANG_WARN_BOOL_CONVERSION = YES;
				CLANG_WARN_CONSTANT_CONVERSION = YES;
				CLANG_WARN_DIRECT_OBJC_ISA_USAGE = YES_ERROR;
				CLANG_WARN_EMPTY_BODY = YES;
				CLANG_WARN_ENUM_CONVERSION = YES;
				CLANG_WARN_INT_CONVERSION = YES;
				CLANG_WARN_OBJC_ROOT_CLASS = YES_ERROR;
				CLANG_WARN_UNREACHABLE_CODE = YES;
				CLANG_WARN__DUPLICATE_METHOD_MATCH = YES;
				"CODE_SIGN_IDENTITY[sdk=iphoneos*]" = "iPhone Developer";
				COPY_PHASE_STRIP = NO;
				DEBUG_INFORMATION_FORMAT = "dwarf-with-dsym";
				ENABLE_NS_ASSERTIONS = NO;
				ENABLE_STRICT_OBJC_MSGSEND = YES;
				GCC_C_LANGUAGE_STANDARD = gnu99;
				GCC_NO_COMMON_BLOCKS = YES;
				GCC_WARN_64_TO_32_BIT_CONVERSION = YES;
				GCC_WARN_ABOUT_RETURN_TYPE = YES_ERROR;
				GCC_WARN_UNDECLARED_SELECTOR = YES;
				GCC_WARN_UNINITIALIZED_AUTOS = YES_AGGRESSIVE;
				GCC_WARN_UNUSED_FUNCTION = YES;
				GCC_WARN_UNUSED_VARIABLE = YES;
				IPHONEOS_DEPLOYMENT_TARGET = 9.0;
				MTL_ENABLE_DEBUG_INFO = NO;
				SDKROOT = iphoneos;
				VALIDATE_PRODUCT = YES;
			};
			name = Release;
		};
		D7ECE0911B58FED100D2203E /* Debug */ = {
			isa = XCBuildConfiguration;
			buildSettings = {
				ASSETCATALOG_COMPILER_APPICON_NAME = AppIcon;
				CLANG_ENABLE_MODULES = YES;
				FRAMEWORK_SEARCH_PATHS = "$(PROJECT_DIR)";
				INFOPLIST_FILE = SpotifySwiftHack/Info.plist;
				LD_RUNPATH_SEARCH_PATHS = "$(inherited) @executable_path/Frameworks";
				OTHER_LDFLAGS = "-ObjC";
				PRODUCT_BUNDLE_IDENTIFIER = com.jonasberglund.SpotifySwiftHack;
				PRODUCT_NAME = "$(TARGET_NAME)";
				SWIFT_OBJC_BRIDGING_HEADER = "SpotifySwiftHack/SpotifySwiftHack-Bridging-Header.h";
				SWIFT_OPTIMIZATION_LEVEL = "-Onone";
			};
			name = Debug;
		};
		D7ECE0921B58FED100D2203E /* Release */ = {
			isa = XCBuildConfiguration;
			buildSettings = {
				ASSETCATALOG_COMPILER_APPICON_NAME = AppIcon;
				CLANG_ENABLE_MODULES = YES;
				FRAMEWORK_SEARCH_PATHS = "$(PROJECT_DIR)";
				INFOPLIST_FILE = SpotifySwiftHack/Info.plist;
				LD_RUNPATH_SEARCH_PATHS = "$(inherited) @executable_path/Frameworks";
				OTHER_LDFLAGS = "-ObjC";
				PRODUCT_BUNDLE_IDENTIFIER = com.jonasberglund.SpotifySwiftHack;
				PRODUCT_NAME = "$(TARGET_NAME)";
				SWIFT_OBJC_BRIDGING_HEADER = "SpotifySwiftHack/SpotifySwiftHack-Bridging-Header.h";
			};
			name = Release;
		};
		D7ECE0941B58FED100D2203E /* Debug */ = {
			isa = XCBuildConfiguration;
			buildSettings = {
				BUNDLE_LOADER = "$(TEST_HOST)";
				INFOPLIST_FILE = SpotifySwiftHackTests/Info.plist;
				LD_RUNPATH_SEARCH_PATHS = "$(inherited) @executable_path/Frameworks @loader_path/Frameworks";
				PRODUCT_BUNDLE_IDENTIFIER = com.jonasberglund.SpotifySwiftHackTests;
				PRODUCT_NAME = "$(TARGET_NAME)";
				TEST_HOST = "$(BUILT_PRODUCTS_DIR)/SpotifySwiftHack.app/SpotifySwiftHack";
			};
			name = Debug;
		};
		D7ECE0951B58FED100D2203E /* Release */ = {
			isa = XCBuildConfiguration;
			buildSettings = {
				BUNDLE_LOADER = "$(TEST_HOST)";
				INFOPLIST_FILE = SpotifySwiftHackTests/Info.plist;
				LD_RUNPATH_SEARCH_PATHS = "$(inherited) @executable_path/Frameworks @loader_path/Frameworks";
				PRODUCT_BUNDLE_IDENTIFIER = com.jonasberglund.SpotifySwiftHackTests;
				PRODUCT_NAME = "$(TARGET_NAME)";
				TEST_HOST = "$(BUILT_PRODUCTS_DIR)/SpotifySwiftHack.app/SpotifySwiftHack";
			};
			name = Release;
		};
		D7ECE0971B58FED100D2203E /* Debug */ = {
			isa = XCBuildConfiguration;
			buildSettings = {
				INFOPLIST_FILE = SpotifySwiftHackUITests/Info.plist;
				LD_RUNPATH_SEARCH_PATHS = "$(inherited) @executable_path/Frameworks @loader_path/Frameworks";
				PRODUCT_BUNDLE_IDENTIFIER = com.jonasberglund.SpotifySwiftHackUITests;
				PRODUCT_NAME = "$(TARGET_NAME)";
				TEST_TARGET_NAME = SpotifySwiftHack;
				USES_XCTRUNNER = YES;
			};
			name = Debug;
		};
		D7ECE0981B58FED100D2203E /* Release */ = {
			isa = XCBuildConfiguration;
			buildSettings = {
				INFOPLIST_FILE = SpotifySwiftHackUITests/Info.plist;
				LD_RUNPATH_SEARCH_PATHS = "$(inherited) @executable_path/Frameworks @loader_path/Frameworks";
				PRODUCT_BUNDLE_IDENTIFIER = com.jonasberglund.SpotifySwiftHackUITests;
				PRODUCT_NAME = "$(TARGET_NAME)";
				TEST_TARGET_NAME = SpotifySwiftHack;
				USES_XCTRUNNER = YES;
			};
			name = Release;
		};
/* End XCBuildConfiguration section */

/* Begin XCConfigurationList section */
		D7ECE0631B58FED100D2203E /* Build configuration list for PBXProject "SpotifySwiftHack" */ = {
			isa = XCConfigurationList;
			buildConfigurations = (
				D7ECE08E1B58FED100D2203E /* Debug */,
				D7ECE08F1B58FED100D2203E /* Release */,
			);
			defaultConfigurationIsVisible = 0;
			defaultConfigurationName = Release;
		};
		D7ECE0901B58FED100D2203E /* Build configuration list for PBXNativeTarget "SpotifySwiftHack" */ = {
			isa = XCConfigurationList;
			buildConfigurations = (
				D7ECE0911B58FED100D2203E /* Debug */,
				D7ECE0921B58FED100D2203E /* Release */,
			);
			defaultConfigurationIsVisible = 0;
			defaultConfigurationName = Release;
		};
		D7ECE0931B58FED100D2203E /* Build configuration list for PBXNativeTarget "SpotifySwiftHackTests" */ = {
			isa = XCConfigurationList;
			buildConfigurations = (
				D7ECE0941B58FED100D2203E /* Debug */,
				D7ECE0951B58FED100D2203E /* Release */,
			);
			defaultConfigurationIsVisible = 0;
			defaultConfigurationName = Release;
		};
		D7ECE0961B58FED100D2203E /* Build configuration list for PBXNativeTarget "SpotifySwiftHackUITests" */ = {
			isa = XCConfigurationList;
			buildConfigurations = (
				D7ECE0971B58FED100D2203E /* Debug */,
				D7ECE0981B58FED100D2203E /* Release */,
			);
			defaultConfigurationIsVisible = 0;
			defaultConfigurationName = Release;
		};
/* End XCConfigurationList section */
	};
	rootObject = D7ECE0601B58FED100D2203E /* Project object */;
}
